{
  "nodes": {
    "advisory-db": {
      "flake": false,
      "locked": {
        "lastModified": 1743864670,
        "narHash": "sha256-baVgx8o9dhVNHJHkHKvB20YAz5/qP/LUygawKxIQi/E=",
        "owner": "rustsec",
        "repo": "advisory-db",
        "rev": "f1688a2f9a55b7e9a6226d053fd43099f1849f5f",
        "type": "github"
      },
      "original": {
        "owner": "rustsec",
        "repo": "advisory-db",
        "type": "github"
      }
    },
    "crane": {
      "locked": {
        "lastModified": 1743807446,
        "narHash": "sha256-6ERwwMADv5VW+Eq6vrKZqFnGAj5+tL4vizGDmTWJjPc=",
        "owner": "ipetkov",
        "repo": "crane",
        "rev": "b62437f7e7e11fd2b456af29c25d04734fc49aa2",
        "type": "github"
      },
      "original": {
        "owner": "ipetkov",
        "repo": "crane",
        "type": "github"
      }
    },
    "nixpkgs": {
      "locked": {
        "lastModified": 1743689281,
        "narHash": "sha256-y7Hg5lwWhEOgflEHRfzSH96BOt26LaYfrYWzZ+VoVdg=",
        "owner": "NixOS",
        "repo": "nixpkgs",
        "rev": "2bfc080955153be0be56724be6fa5477b4eefabb",
        "type": "github"
      },
      "original": {
        "owner": "NixOS",
        "ref": "nixpkgs-unstable",
        "repo": "nixpkgs",
        "type": "github"
      }
    },
    "root": {
      "inputs": {
        "advisory-db": "advisory-db",
        "crane": "crane",
        "nixpkgs": "nixpkgs",
        "rust-overlay": "rust-overlay"
      }
    },
    "rust-overlay": {
      "inputs": {
        "nixpkgs": [
          "nixpkgs"
        ]
      },
      "locked": {
        "lastModified": 1743820323,
        "narHash": "sha256-UXxJogXhPhBFaX4uxmMudcD/x3sEGFtoSc4busTcftY=",
        "owner": "oxalica",
        "repo": "rust-overlay",
        "rev": "b4734ce867252f92cdc7d25f8cc3b7cef153e703",
        "type": "github"
      },
      "original": {
        "owner": "oxalica",
        "repo": "rust-overlay",
        "type": "github"
      }
    }
  },
  "root": "root",
  "version": 7
}
